
Microsoft Visual Studio Solution File, Format Version 12.00
# Visual Studio 2013
VisualStudioVersion = 12.0.31101.0
MinimumVisualStudioVersion = 10.0.40219.1
Project("{8BC9CEB8-8B4A-11D0-8D11-00A0C91BC942}") = "RVRef", "RVRef\RVRef.vcxproj", "{E9051739-5A93-425E-9EA6-7DFDC1DBDFCD}"
EndProject
Project("{8BC9CEB8-8B4A-11D0-8D11-00A0C91BC942}") = "StringLiteral", "StringLiteral\StringLiteral.vcxproj", "{D158EBEE-8C3C-4A9A-A0B6-049612DD9DEF}"
EndProject
Project("{8BC9CEB8-8B4A-11D0-8D11-00A0C91BC942}") = "iocpsample", "iocpsample\iocpsample.vcxproj", "{F0A71851-C79F-4DAB-81DC-86407CDCD5C4}"
EndProject
Project("{8BC9CEB8-8B4A-11D0-8D11-00A0C91BC942}") = "iconvtest", "iconvtest\iconvtest.vcxproj", "{B9CB56DD-DF74-4530-8294-87CD63B24A2C}"
EndProject
Project("{8BC9CEB8-8B4A-11D0-8D11-00A0C91BC942}") = "ThreadLocalStroageTest", "ThreadLocalStroageTest\ThreadLocalStroageTest.vcxproj", "{40B0498D-25C9-4093-AB00-696773DF4AC8}"
EndProject
Project("{8BC9CEB8-8B4A-11D0-8D11-00A0C91BC942}") = "TLS_vs_GlobalWithLock", "TLS_vs_GlobalWithLock\TLS_vs_GlobalWithLock.vcxproj", "{51D6B9FF-4E08-4D71-A071-58E6BB973859}"
EndProject
Project("{8BC9CEB8-8B4A-11D0-8D11-00A0C91BC942}") = "std_atomic", "std_atomic\std_atomic.vcxproj", "{8BD15E9D-CA12-4167-975D-9BA8AB7949D4}"
EndProject
Project("{8BC9CEB8-8B4A-11D0-8D11-00A0C91BC942}") = "IterationMethodTest", "IterationMethodTest\IterationMethodTest.vcxproj", "{DC54C556-E9BC-4014-9C1D-A7569C1FB59C}"
EndProject
Project("{8BC9CEB8-8B4A-11D0-8D11-00A0C91BC942}") = "VariadicTemplateTest", "VariadicTemplateTest\VariadicTemplateTest.vcxproj", "{47B18F7A-ACFC-4628-94DE-58509BD81893}"
EndProject
Project("{8BC9CEB8-8B4A-11D0-8D11-00A0C91BC942}") = "Exception", "Exception\Exception.vcxproj", "{0185B0EC-AC9C-4005-99C7-9757238A1CD6}"
EndProject
Project("{8BC9CEB8-8B4A-11D0-8D11-00A0C91BC942}") = "temp", "temp\temp.vcxproj", "{EE100DC6-9D08-4BC2-A788-2D53DE71D054}"
EndProject
Project("{8BC9CEB8-8B4A-11D0-8D11-00A0C91BC942}") = "ConstructorDestructor", "ConstructorDestructor\ConstructorDestructor.vcxproj", "{D309C1EC-B303-47C4-9CD0-E35A2A821CAF}"
EndProject
Project("{8BC9CEB8-8B4A-11D0-8D11-00A0C91BC942}") = "asd", "..\asd\asd\asd.vcxproj", "{BED6683E-0EB1-4E30-8E45-8B8290B7C8C4}"
EndProject
Global
	GlobalSection(SubversionScc) = preSolution
		Svn-Managed = True
		Manager = AnkhSVN - Subversion Support for Visual Studio
	EndGlobalSection
	GlobalSection(SolutionConfigurationPlatforms) = preSolution
		Debug|Mixed Platforms = Debug|Mixed Platforms
		Debug|Win32 = Debug|Win32
		Debug|x64 = Debug|x64
		Release|Mixed Platforms = Release|Mixed Platforms
		Release|Win32 = Release|Win32
		Release|x64 = Release|x64
	EndGlobalSection
	GlobalSection(ProjectConfigurationPlatforms) = postSolution
		{E9051739-5A93-425E-9EA6-7DFDC1DBDFCD}.Debug|Mixed Platforms.ActiveCfg = Debug|Win32
		{E9051739-5A93-425E-9EA6-7DFDC1DBDFCD}.Debug|Mixed Platforms.Build.0 = Debug|Win32
		{E9051739-5A93-425E-9EA6-7DFDC1DBDFCD}.Debug|Win32.ActiveCfg = Debug|Win32
		{E9051739-5A93-425E-9EA6-7DFDC1DBDFCD}.Debug|Win32.Build.0 = Debug|Win32
		{E9051739-5A93-425E-9EA6-7DFDC1DBDFCD}.Debug|x64.ActiveCfg = Debug|x64
		{E9051739-5A93-425E-9EA6-7DFDC1DBDFCD}.Debug|x64.Build.0 = Debug|x64
		{E9051739-5A93-425E-9EA6-7DFDC1DBDFCD}.Release|Mixed Platforms.ActiveCfg = Release|Win32
		{E9051739-5A93-425E-9EA6-7DFDC1DBDFCD}.Release|Mixed Platforms.Build.0 = Release|Win32
		{E9051739-5A93-425E-9EA6-7DFDC1DBDFCD}.Release|Win32.ActiveCfg = Release|Win32
		{E9051739-5A93-425E-9EA6-7DFDC1DBDFCD}.Release|Win32.Build.0 = Release|Win32
		{E9051739-5A93-425E-9EA6-7DFDC1DBDFCD}.Release|x64.ActiveCfg = Release|x64
		{E9051739-5A93-425E-9EA6-7DFDC1DBDFCD}.Release|x64.Build.0 = Release|x64
		{D158EBEE-8C3C-4A9A-A0B6-049612DD9DEF}.Debug|Mixed Platforms.ActiveCfg = Debug|Win32
		{D158EBEE-8C3C-4A9A-A0B6-049612DD9DEF}.Debug|Mixed Platforms.Build.0 = Debug|Win32
		{D158EBEE-8C3C-4A9A-A0B6-049612DD9DEF}.Debug|Win32.ActiveCfg = Debug|Win32
		{D158EBEE-8C3C-4A9A-A0B6-049612DD9DEF}.Debug|Win32.Build.0 = Debug|Win32
		{D158EBEE-8C3C-4A9A-A0B6-049612DD9DEF}.Debug|x64.ActiveCfg = Debug|x64
		{D158EBEE-8C3C-4A9A-A0B6-049612DD9DEF}.Debug|x64.Build.0 = Debug|x64
		{D158EBEE-8C3C-4A9A-A0B6-049612DD9DEF}.Release|Mixed Platforms.ActiveCfg = Release|Win32
		{D158EBEE-8C3C-4A9A-A0B6-049612DD9DEF}.Release|Mixed Platforms.Build.0 = Release|Win32
		{D158EBEE-8C3C-4A9A-A0B6-049612DD9DEF}.Release|Win32.ActiveCfg = Release|Win32
		{D158EBEE-8C3C-4A9A-A0B6-049612DD9DEF}.Release|Win32.Build.0 = Release|Win32
		{D158EBEE-8C3C-4A9A-A0B6-049612DD9DEF}.Release|x64.ActiveCfg = Release|x64
		{D158EBEE-8C3C-4A9A-A0B6-049612DD9DEF}.Release|x64.Build.0 = Release|x64
		{F0A71851-C79F-4DAB-81DC-86407CDCD5C4}.Debug|Mixed Platforms.ActiveCfg = Debug|Win32
		{F0A71851-C79F-4DAB-81DC-86407CDCD5C4}.Debug|Mixed Platforms.Build.0 = Debug|Win32
		{F0A71851-C79F-4DAB-81DC-86407CDCD5C4}.Debug|Win32.ActiveCfg = Debug|Win32
		{F0A71851-C79F-4DAB-81DC-86407CDCD5C4}.Debug|Win32.Build.0 = Debug|Win32
		{F0A71851-C79F-4DAB-81DC-86407CDCD5C4}.Debug|x64.ActiveCfg = Debug|x64
		{F0A71851-C79F-4DAB-81DC-86407CDCD5C4}.Debug|x64.Build.0 = Debug|x64
		{F0A71851-C79F-4DAB-81DC-86407CDCD5C4}.Release|Mixed Platforms.ActiveCfg = Release|Win32
		{F0A71851-C79F-4DAB-81DC-86407CDCD5C4}.Release|Mixed Platforms.Build.0 = Release|Win32
		{F0A71851-C79F-4DAB-81DC-86407CDCD5C4}.Release|Win32.ActiveCfg = Release|Win32
		{F0A71851-C79F-4DAB-81DC-86407CDCD5C4}.Release|Win32.Build.0 = Release|Win32
		{F0A71851-C79F-4DAB-81DC-86407CDCD5C4}.Release|x64.ActiveCfg = Release|x64
		{F0A71851-C79F-4DAB-81DC-86407CDCD5C4}.Release|x64.Build.0 = Release|x64
		{B9CB56DD-DF74-4530-8294-87CD63B24A2C}.Debug|Mixed Platforms.ActiveCfg = Debug|Win32
		{B9CB56DD-DF74-4530-8294-87CD63B24A2C}.Debug|Mixed Platforms.Build.0 = Debug|Win32
		{B9CB56DD-DF74-4530-8294-87CD63B24A2C}.Debug|Win32.ActiveCfg = Debug|Win32
		{B9CB56DD-DF74-4530-8294-87CD63B24A2C}.Debug|Win32.Build.0 = Debug|Win32
		{B9CB56DD-DF74-4530-8294-87CD63B24A2C}.Debug|x64.ActiveCfg = Debug|x64
		{B9CB56DD-DF74-4530-8294-87CD63B24A2C}.Debug|x64.Build.0 = Debug|x64
		{B9CB56DD-DF74-4530-8294-87CD63B24A2C}.Release|Mixed Platforms.ActiveCfg = Release|Win32
		{B9CB56DD-DF74-4530-8294-87CD63B24A2C}.Release|Mixed Platforms.Build.0 = Release|Win32
		{B9CB56DD-DF74-4530-8294-87CD63B24A2C}.Release|Win32.ActiveCfg = Release|Win32
		{B9CB56DD-DF74-4530-8294-87CD63B24A2C}.Release|Win32.Build.0 = Release|Win32
		{B9CB56DD-DF74-4530-8294-87CD63B24A2C}.Release|x64.ActiveCfg = Release|x64
		{B9CB56DD-DF74-4530-8294-87CD63B24A2C}.Release|x64.Build.0 = Release|x64
		{40B0498D-25C9-4093-AB00-696773DF4AC8}.Debug|Mixed Platforms.ActiveCfg = Debug|Win32
		{40B0498D-25C9-4093-AB00-696773DF4AC8}.Debug|Mixed Platforms.Build.0 = Debug|Win32
		{40B0498D-25C9-4093-AB00-696773DF4AC8}.Debug|Win32.ActiveCfg = Debug|Win32
		{40B0498D-25C9-4093-AB00-696773DF4AC8}.Debug|Win32.Build.0 = Debug|Win32
		{40B0498D-25C9-4093-AB00-696773DF4AC8}.Debug|x64.ActiveCfg = Debug|x64
		{40B0498D-25C9-4093-AB00-696773DF4AC8}.Debug|x64.Build.0 = Debug|x64
		{40B0498D-25C9-4093-AB00-696773DF4AC8}.Release|Mixed Platforms.ActiveCfg = Release|Win32
		{40B0498D-25C9-4093-AB00-696773DF4AC8}.Release|Mixed Platforms.Build.0 = Release|Win32
		{40B0498D-25C9-4093-AB00-696773DF4AC8}.Release|Win32.ActiveCfg = Release|Win32
		{40B0498D-25C9-4093-AB00-696773DF4AC8}.Release|Win32.Build.0 = Release|Win32
		{40B0498D-25C9-4093-AB00-696773DF4AC8}.Release|x64.ActiveCfg = Release|x64
		{40B0498D-25C9-4093-AB00-696773DF4AC8}.Release|x64.Build.0 = Release|x64
		{51D6B9FF-4E08-4D71-A071-58E6BB973859}.Debug|Mixed Platforms.ActiveCfg = Debug|Win32
		{51D6B9FF-4E08-4D71-A071-58E6BB973859}.Debug|Mixed Platforms.Build.0 = Debug|Win32
		{51D6B9FF-4E08-4D71-A071-58E6BB973859}.Debug|Win32.ActiveCfg = Debug|Win32
		{51D6B9FF-4E08-4D71-A071-58E6BB973859}.Debug|Win32.Build.0 = Debug|Win32
		{51D6B9FF-4E08-4D71-A071-58E6BB973859}.Debug|x64.ActiveCfg = Debug|x64
		{51D6B9FF-4E08-4D71-A071-58E6BB973859}.Debug|x64.Build.0 = Debug|x64
		{51D6B9FF-4E08-4D71-A071-58E6BB973859}.Release|Mixed Platforms.ActiveCfg = Release|Win32
		{51D6B9FF-4E08-4D71-A071-58E6BB973859}.Release|Mixed Platforms.Build.0 = Release|Win32
		{51D6B9FF-4E08-4D71-A071-58E6BB973859}.Release|Win32.ActiveCfg = Release|Win32
		{51D6B9FF-4E08-4D71-A071-58E6BB973859}.Release|Win32.Build.0 = Release|Win32
		{51D6B9FF-4E08-4D71-A071-58E6BB973859}.Release|x64.ActiveCfg = Release|x64
		{51D6B9FF-4E08-4D71-A071-58E6BB973859}.Release|x64.Build.0 = Release|x64
		{8BD15E9D-CA12-4167-975D-9BA8AB7949D4}.Debug|Mixed Platforms.ActiveCfg = Debug|Win32
		{8BD15E9D-CA12-4167-975D-9BA8AB7949D4}.Debug|Mixed Platforms.Build.0 = Debug|Win32
		{8BD15E9D-CA12-4167-975D-9BA8AB7949D4}.Debug|Win32.ActiveCfg = Debug|Win32
		{8BD15E9D-CA12-4167-975D-9BA8AB7949D4}.Debug|Win32.Build.0 = Debug|Win32
		{8BD15E9D-CA12-4167-975D-9BA8AB7949D4}.Debug|x64.ActiveCfg = Debug|x64
		{8BD15E9D-CA12-4167-975D-9BA8AB7949D4}.Debug|x64.Build.0 = Debug|x64
		{8BD15E9D-CA12-4167-975D-9BA8AB7949D4}.Release|Mixed Platforms.ActiveCfg = Release|Win32
		{8BD15E9D-CA12-4167-975D-9BA8AB7949D4}.Release|Mixed Platforms.Build.0 = Release|Win32
		{8BD15E9D-CA12-4167-975D-9BA8AB7949D4}.Release|Win32.ActiveCfg = Release|Win32
		{8BD15E9D-CA12-4167-975D-9BA8AB7949D4}.Release|Win32.Build.0 = Release|Win32
		{8BD15E9D-CA12-4167-975D-9BA8AB7949D4}.Release|x64.ActiveCfg = Release|x64
		{8BD15E9D-CA12-4167-975D-9BA8AB7949D4}.Release|x64.Build.0 = Release|x64
		{DC54C556-E9BC-4014-9C1D-A7569C1FB59C}.Debug|Mixed Platforms.ActiveCfg = Debug|Win32
		{DC54C556-E9BC-4014-9C1D-A7569C1FB59C}.Debug|Mixed Platforms.Build.0 = Debug|Win32
		{DC54C556-E9BC-4014-9C1D-A7569C1FB59C}.Debug|Win32.ActiveCfg = Debug|Win32
		{DC54C556-E9BC-4014-9C1D-A7569C1FB59C}.Debug|Win32.Build.0 = Debug|Win32
		{DC54C556-E9BC-4014-9C1D-A7569C1FB59C}.Debug|x64.ActiveCfg = Debug|x64
		{DC54C556-E9BC-4014-9C1D-A7569C1FB59C}.Debug|x64.Build.0 = Debug|x64
		{DC54C556-E9BC-4014-9C1D-A7569C1FB59C}.Release|Mixed Platforms.ActiveCfg = Release|Win32
		{DC54C556-E9BC-4014-9C1D-A7569C1FB59C}.Release|Mixed Platforms.Build.0 = Release|Win32
		{DC54C556-E9BC-4014-9C1D-A7569C1FB59C}.Release|Win32.ActiveCfg = Release|Win32
		{DC54C556-E9BC-4014-9C1D-A7569C1FB59C}.Release|Win32.Build.0 = Release|Win32
		{DC54C556-E9BC-4014-9C1D-A7569C1FB59C}.Release|x64.ActiveCfg = Release|x64
		{DC54C556-E9BC-4014-9C1D-A7569C1FB59C}.Release|x64.Build.0 = Release|x64
		{47B18F7A-ACFC-4628-94DE-58509BD81893}.Debug|Mixed Platforms.ActiveCfg = Debug|Win32
		{47B18F7A-ACFC-4628-94DE-58509BD81893}.Debug|Mixed Platforms.Build.0 = Debug|Win32
		{47B18F7A-ACFC-4628-94DE-58509BD81893}.Debug|Win32.ActiveCfg = Debug|Win32
		{47B18F7A-ACFC-4628-94DE-58509BD81893}.Debug|Win32.Build.0 = Debug|Win32
		{47B18F7A-ACFC-4628-94DE-58509BD81893}.Debug|x64.ActiveCfg = Debug|x64
		{47B18F7A-ACFC-4628-94DE-58509BD81893}.Debug|x64.Build.0 = Debug|x64
		{47B18F7A-ACFC-4628-94DE-58509BD81893}.Release|Mixed Platforms.ActiveCfg = Release|Win32
		{47B18F7A-ACFC-4628-94DE-58509BD81893}.Release|Mixed Platforms.Build.0 = Release|Win32
		{47B18F7A-ACFC-4628-94DE-58509BD81893}.Release|Win32.ActiveCfg = Release|Win32
		{47B18F7A-ACFC-4628-94DE-58509BD81893}.Release|Win32.Build.0 = Release|Win32
		{47B18F7A-ACFC-4628-94DE-58509BD81893}.Release|x64.ActiveCfg = Release|x64
		{47B18F7A-ACFC-4628-94DE-58509BD81893}.Release|x64.Build.0 = Release|x64
		{0185B0EC-AC9C-4005-99C7-9757238A1CD6}.Debug|Mixed Platforms.ActiveCfg = Debug|Win32
		{0185B0EC-AC9C-4005-99C7-9757238A1CD6}.Debug|Mixed Platforms.Build.0 = Debug|Win32
		{0185B0EC-AC9C-4005-99C7-9757238A1CD6}.Debug|Win32.ActiveCfg = Debug|Win32
		{0185B0EC-AC9C-4005-99C7-9757238A1CD6}.Debug|Win32.Build.0 = Debug|Win32
		{0185B0EC-AC9C-4005-99C7-9757238A1CD6}.Debug|x64.ActiveCfg = Debug|x64
		{0185B0EC-AC9C-4005-99C7-9757238A1CD6}.Debug|x64.Build.0 = Debug|x64
		{0185B0EC-AC9C-4005-99C7-9757238A1CD6}.Release|Mixed Platforms.ActiveCfg = Release|Win32
		{0185B0EC-AC9C-4005-99C7-9757238A1CD6}.Release|Mixed Platforms.Build.0 = Release|Win32
		{0185B0EC-AC9C-4005-99C7-9757238A1CD6}.Release|Win32.ActiveCfg = Release|Win32
		{0185B0EC-AC9C-4005-99C7-9757238A1CD6}.Release|Win32.Build.0 = Release|Win32
		{0185B0EC-AC9C-4005-99C7-9757238A1CD6}.Release|x64.ActiveCfg = Release|x64
		{EE100DC6-9D08-4BC2-A788-2D53DE71D054}.Debug|Mixed Platforms.ActiveCfg = Debug|Win32
		{EE100DC6-9D08-4BC2-A788-2D53DE71D054}.Debug|Mixed Platforms.Build.0 = Debug|Win32
		{EE100DC6-9D08-4BC2-A788-2D53DE71D054}.Debug|Win32.ActiveCfg = Debug|Win32
		{EE100DC6-9D08-4BC2-A788-2D53DE71D054}.Debug|Win32.Build.0 = Debug|Win32
		{EE100DC6-9D08-4BC2-A788-2D53DE71D054}.Debug|x64.ActiveCfg = Debug|x64
		{EE100DC6-9D08-4BC2-A788-2D53DE71D054}.Debug|x64.Build.0 = Debug|x64
		{EE100DC6-9D08-4BC2-A788-2D53DE71D054}.Release|Mixed Platforms.ActiveCfg = Release|Win32
		{EE100DC6-9D08-4BC2-A788-2D53DE71D054}.Release|Mixed Platforms.Build.0 = Release|Win32
		{EE100DC6-9D08-4BC2-A788-2D53DE71D054}.Release|Win32.ActiveCfg = Release|Win32
		{EE100DC6-9D08-4BC2-A788-2D53DE71D054}.Release|Win32.Build.0 = Release|Win32
		{EE100DC6-9D08-4BC2-A788-2D53DE71D054}.Release|x64.ActiveCfg = Release|Win32
		{D309C1EC-B303-47C4-9CD0-E35A2A821CAF}.Debug|Mixed Platforms.ActiveCfg = Debug|Win32
		{D309C1EC-B303-47C4-9CD0-E35A2A821CAF}.Debug|Mixed Platforms.Build.0 = Debug|Win32
		{D309C1EC-B303-47C4-9CD0-E35A2A821CAF}.Debug|Win32.ActiveCfg = Debug|Win32
		{D309C1EC-B303-47C4-9CD0-E35A2A821CAF}.Debug|Win32.Build.0 = Debug|Win32
		{D309C1EC-B303-47C4-9CD0-E35A2A821CAF}.Debug|x64.ActiveCfg = Debug|x64
		{D309C1EC-B303-47C4-9CD0-E35A2A821CAF}.Debug|x64.Build.0 = Debug|x64
		{D309C1EC-B303-47C4-9CD0-E35A2A821CAF}.Release|Mixed Platforms.ActiveCfg = Release|Win32
		{D309C1EC-B303-47C4-9CD0-E35A2A821CAF}.Release|Mixed Platforms.Build.0 = Release|Win32
		{D309C1EC-B303-47C4-9CD0-E35A2A821CAF}.Release|Win32.ActiveCfg = Release|Win32
		{D309C1EC-B303-47C4-9CD0-E35A2A821CAF}.Release|Win32.Build.0 = Release|Win32
		{D309C1EC-B303-47C4-9CD0-E35A2A821CAF}.Release|x64.ActiveCfg = Release|Win32
		{BED6683E-0EB1-4E30-8E45-8B8290B7C8C4}.Debug|Mixed Platforms.ActiveCfg = Debug|Win32
		{BED6683E-0EB1-4E30-8E45-8B8290B7C8C4}.Debug|Mixed Platforms.Build.0 = Debug|Win32
		{BED6683E-0EB1-4E30-8E45-8B8290B7C8C4}.Debug|Win32.ActiveCfg = Debug|Win32
		{BED6683E-0EB1-4E30-8E45-8B8290B7C8C4}.Debug|Win32.Build.0 = Debug|Win32
		{BED6683E-0EB1-4E30-8E45-8B8290B7C8C4}.Debug|x64.ActiveCfg = Debug|x64
		{BED6683E-0EB1-4E30-8E45-8B8290B7C8C4}.Debug|x64.Build.0 = Debug|x64
		{BED6683E-0EB1-4E30-8E45-8B8290B7C8C4}.Release|Mixed Platforms.ActiveCfg = Release|Win32
		{BED6683E-0EB1-4E30-8E45-8B8290B7C8C4}.Release|Mixed Platforms.Build.0 = Release|Win32
		{BED6683E-0EB1-4E30-8E45-8B8290B7C8C4}.Release|Win32.ActiveCfg = Release|Win32
		{BED6683E-0EB1-4E30-8E45-8B8290B7C8C4}.Release|Win32.Build.0 = Release|Win32
		{BED6683E-0EB1-4E30-8E45-8B8290B7C8C4}.Release|x64.ActiveCfg = Release|x64
		{BED6683E-0EB1-4E30-8E45-8B8290B7C8C4}.Release|x64.Build.0 = Release|x64
	EndGlobalSection
	GlobalSection(SolutionProperties) = preSolution
		HideSolutionNode = FALSE
	EndGlobalSection
EndGlobal
